// !$*UTF8*$!
{
	archiveVersion = 1;
	classes = {
	};
	objectVersion = 56;
	objects = {

/* Begin PBXBuildFile section */
		133F2CA4295DD80500A2D774 /* AppDelegate.swift in Sources */ = {isa = PBXBuildFile; fileRef = 133F2CA3295DD80500A2D774 /* AppDelegate.swift */; };
		133F2CA6295DD80500A2D774 /* SceneDelegate.swift in Sources */ = {isa = PBXBuildFile; fileRef = 133F2CA5295DD80500A2D774 /* SceneDelegate.swift */; };
		133F2CA8295DD80500A2D774 /* UserProfileViewController.swift in Sources */ = {isa = PBXBuildFile; fileRef = 133F2CA7295DD80500A2D774 /* UserProfileViewController.swift */; };
		133F2CAD295DD80600A2D774 /* Assets.xcassets in Resources */ = {isa = PBXBuildFile; fileRef = 133F2CAC295DD80600A2D774 /* Assets.xcassets */; };
		133F2CB0295DD80600A2D774 /* LaunchScreen.storyboard in Resources */ = {isa = PBXBuildFile; fileRef = 133F2CAE295DD80600A2D774 /* LaunchScreen.storyboard */; };
		133F2CB9295DF6E800A2D774 /* UserProfile.swift in Sources */ = {isa = PBXBuildFile; fileRef = 133F2CB8295DF6E800A2D774 /* UserProfile.swift */; };
		133F2CBC295E23BF00A2D774 /* NetworkService.swift in Sources */ = {isa = PBXBuildFile; fileRef = 133F2CBB295E23BF00A2D774 /* NetworkService.swift */; };
		133F2CBE2961976B00A2D774 /* Resource.swift in Sources */ = {isa = PBXBuildFile; fileRef = 133F2CBD2961976B00A2D774 /* Resource.swift */; };
		133F2CC129619C1D00A2D774 /* Publisher+Utils.swift in Sources */ = {isa = PBXBuildFile; fileRef = 133F2CC029619C1D00A2D774 /* Publisher+Utils.swift */; };
		2046C09CAA9704F5AE0098C1 /* Pods_Github_Profile.framework in Frameworks */ = {isa = PBXBuildFile; fileRef = 19BB7E4D17E630A41154F4A9 /* Pods_Github_Profile.framework */; };
/* End PBXBuildFile section */

/* Begin PBXFileReference section */
		133F2CA0295DD80500A2D774 /* Github-Profile.app */ = {isa = PBXFileReference; explicitFileType = wrapper.application; includeInIndex = 0; path = "Github-Profile.app"; sourceTree = BUILT_PRODUCTS_DIR; };
		133F2CA3295DD80500A2D774 /* AppDelegate.swift */ = {isa = PBXFileReference; lastKnownFileType = sourcecode.swift; path = AppDelegate.swift; sourceTree = "<group>"; };
		133F2CA5295DD80500A2D774 /* SceneDelegate.swift */ = {isa = PBXFileReference; lastKnownFileType = sourcecode.swift; path = SceneDelegate.swift; sourceTree = "<group>"; };
		133F2CA7295DD80500A2D774 /* UserProfileViewController.swift */ = {isa = PBXFileReference; lastKnownFileType = sourcecode.swift; path = UserProfileViewController.swift; sourceTree = "<group>"; };
		133F2CAC295DD80600A2D774 /* Assets.xcassets */ = {isa = PBXFileReference; lastKnownFileType = folder.assetcatalog; path = Assets.xcassets; sourceTree = "<group>"; };
		133F2CAF295DD80600A2D774 /* Base */ = {isa = PBXFileReference; lastKnownFileType = file.storyboard; name = Base; path = Base.lproj/LaunchScreen.storyboard; sourceTree = "<group>"; };
		133F2CB1295DD80600A2D774 /* Info.plist */ = {isa = PBXFileReference; lastKnownFileType = text.plist.xml; path = Info.plist; sourceTree = "<group>"; };
		133F2CB8295DF6E800A2D774 /* UserProfile.swift */ = {isa = PBXFileReference; lastKnownFileType = sourcecode.swift; path = UserProfile.swift; sourceTree = "<group>"; };
		133F2CBB295E23BF00A2D774 /* NetworkService.swift */ = {isa = PBXFileReference; lastKnownFileType = sourcecode.swift; path = NetworkService.swift; sourceTree = "<group>"; };
		133F2CBD2961976B00A2D774 /* Resource.swift */ = {isa = PBXFileReference; lastKnownFileType = sourcecode.swift; path = Resource.swift; sourceTree = "<group>"; };
		133F2CC029619C1D00A2D774 /* Publisher+Utils.swift */ = {isa = PBXFileReference; lastKnownFileType = sourcecode.swift; path = "Publisher+Utils.swift"; sourceTree = "<group>"; };
		19BB7E4D17E630A41154F4A9 /* Pods_Github_Profile.framework */ = {isa = PBXFileReference; explicitFileType = wrapper.framework; includeInIndex = 0; path = Pods_Github_Profile.framework; sourceTree = BUILT_PRODUCTS_DIR; };
		8AEBF66BFB65AE9541BF4954 /* Pods-Github-Profile.debug.xcconfig */ = {isa = PBXFileReference; includeInIndex = 1; lastKnownFileType = text.xcconfig; name = "Pods-Github-Profile.debug.xcconfig"; path = "Target Support Files/Pods-Github-Profile/Pods-Github-Profile.debug.xcconfig"; sourceTree = "<group>"; };
		DB29F8FC8099A6CF11B59D7B /* Pods-Github-Profile.release.xcconfig */ = {isa = PBXFileReference; includeInIndex = 1; lastKnownFileType = text.xcconfig; name = "Pods-Github-Profile.release.xcconfig"; path = "Target Support Files/Pods-Github-Profile/Pods-Github-Profile.release.xcconfig"; sourceTree = "<group>"; };
/* End PBXFileReference section */

/* Begin PBXFrameworksBuildPhase section */
		133F2C9D295DD80500A2D774 /* Frameworks */ = {
			isa = PBXFrameworksBuildPhase;
			buildActionMask = 2147483647;
			files = (
				2046C09CAA9704F5AE0098C1 /* Pods_Github_Profile.framework in Frameworks */,
			);
			runOnlyForDeploymentPostprocessing = 0;
		};
/* End PBXFrameworksBuildPhase section */

/* Begin PBXGroup section */
		133F2C97295DD80500A2D774 = {
			isa = PBXGroup;
			children = (
				133F2CBF29619C0A00A2D774 /* Utils */,
				133F2CBA295E23A400A2D774 /* Network */,
				133F2CB7295DF6D800A2D774 /* Model */,
				133F2CA2295DD80500A2D774 /* Github-Profile */,
				133F2CA1295DD80500A2D774 /* Products */,
				348EA9151D5F1DDB84EBCC62 /* Pods */,
				98446E40FD6ED2334FEBA5AF /* Frameworks */,
			);
			sourceTree = "<group>";
		};
		133F2CA1295DD80500A2D774 /* Products */ = {
			isa = PBXGroup;
			children = (
				133F2CA0295DD80500A2D774 /* Github-Profile.app */,
			);
			name = Products;
			sourceTree = "<group>";
		};
		133F2CA2295DD80500A2D774 /* Github-Profile */ = {
			isa = PBXGroup;
			children = (
				133F2CA3295DD80500A2D774 /* AppDelegate.swift */,
				133F2CA5295DD80500A2D774 /* SceneDelegate.swift */,
				133F2CA7295DD80500A2D774 /* UserProfileViewController.swift */,
				133F2CAC295DD80600A2D774 /* Assets.xcassets */,
				133F2CAE295DD80600A2D774 /* LaunchScreen.storyboard */,
				133F2CB1295DD80600A2D774 /* Info.plist */,
			);
			path = "Github-Profile";
			sourceTree = "<group>";
		};
		133F2CB7295DF6D800A2D774 /* Model */ = {
			isa = PBXGroup;
			children = (
				133F2CB8295DF6E800A2D774 /* UserProfile.swift */,
			);
			path = Model;
			sourceTree = "<group>";
		};
		133F2CBA295E23A400A2D774 /* Network */ = {
			isa = PBXGroup;
			children = (
				133F2CBB295E23BF00A2D774 /* NetworkService.swift */,
				133F2CBD2961976B00A2D774 /* Resource.swift */,
				133F2CC029619C1D00A2D774 /* Publisher+Utils.swift */,
			);
			path = Network;
			sourceTree = "<group>";
		};
		133F2CBF29619C0A00A2D774 /* Utils */ = {
			isa = PBXGroup;
			children = (
			);
			path = Utils;
			sourceTree = "<group>";
		};
		348EA9151D5F1DDB84EBCC62 /* Pods */ = {
			isa = PBXGroup;
			children = (
				8AEBF66BFB65AE9541BF4954 /* Pods-Github-Profile.debug.xcconfig */,
				DB29F8FC8099A6CF11B59D7B /* Pods-Github-Profile.release.xcconfig */,
			);
			path = Pods;
			sourceTree = "<group>";
		};
		98446E40FD6ED2334FEBA5AF /* Frameworks */ = {
			isa = PBXGroup;
			children = (
				19BB7E4D17E630A41154F4A9 /* Pods_Github_Profile.framework */,
			);
			name = Frameworks;
			sourceTree = "<group>";
		};
/* End PBXGroup section */

/* Begin PBXNativeTarget section */
		133F2C9F295DD80500A2D774 /* Github-Profile */ = {
			isa = PBXNativeTarget;
			buildConfigurationList = 133F2CB4295DD80600A2D774 /* Build configuration list for PBXNativeTarget "Github-Profile" */;
			buildPhases = (
				E33E243B7F5FE360D871C9C4 /* [CP] Check Pods Manifest.lock */,
				133F2C9C295DD80500A2D774 /* Sources */,
				133F2C9D295DD80500A2D774 /* Frameworks */,
				133F2C9E295DD80500A2D774 /* Resources */,
				032E2B52CD1A69D95A0B620F /* [CP] Embed Pods Frameworks */,
			);
			buildRules = (
			);
			dependencies = (
			);
			name = "Github-Profile";
			productName = "Github-Profile";
			productReference = 133F2CA0295DD80500A2D774 /* Github-Profile.app */;
			productType = "com.apple.product-type.application";
		};
/* End PBXNativeTarget section */

/* Begin PBXProject section */
		133F2C98295DD80500A2D774 /* Project object */ = {
			isa = PBXProject;
			attributes = {
				BuildIndependentTargetsInParallel = 1;
				LastSwiftUpdateCheck = 1420;
				LastUpgradeCheck = 1420;
				TargetAttributes = {
					133F2C9F295DD80500A2D774 = {
						CreatedOnToolsVersion = 14.2;
					};
				};
			};
			buildConfigurationList = 133F2C9B295DD80500A2D774 /* Build configuration list for PBXProject "Github-Profile" */;
			compatibilityVersion = "Xcode 14.0";
			developmentRegion = en;
			hasScannedForEncodings = 0;
			knownRegions = (
				en,
				Base,
			);
			mainGroup = 133F2C97295DD80500A2D774;
			productRefGroup = 133F2CA1295DD80500A2D774 /* Products */;
			projectDirPath = "";
			projectRoot = "";
			targets = (
				133F2C9F295DD80500A2D774 /* Github-Profile */,
			);
		};
/* End PBXProject section */

/* Begin PBXResourcesBuildPhase section */
		133F2C9E295DD80500A2D774 /* Resources */ = {
			isa = PBXResourcesBuildPhase;
			buildActionMask = 2147483647;
			files = (
				133F2CB0295DD80600A2D774 /* LaunchScreen.storyboard in Resources */,
				133F2CAD295DD80600A2D774 /* Assets.xcassets in Resources */,
			);
			runOnlyForDeploymentPostprocessing = 0;
		};
/* End PBXResourcesBuildPhase section */

/* Begin PBXShellScriptBuildPhase section */
		032E2B52CD1A69D95A0B620F /* [CP] Embed Pods Frameworks */ = {
			isa = PBXShellScriptBuildPhase;
			buildActionMask = 2147483647;
			files = (
			);
			inputFileListPaths = (
				"${PODS_ROOT}/Target Support Files/Pods-Github-Profile/Pods-Github-Profile-frameworks-${CONFIGURATION}-input-files.xcfilelist",
			);
			name = "[CP] Embed Pods Frameworks";
			outputFileListPaths = (
				"${PODS_ROOT}/Target Support Files/Pods-Github-Profile/Pods-Github-Profile-frameworks-${CONFIGURATION}-output-files.xcfilelist",
			);
			runOnlyForDeploymentPostprocessing = 0;
			shellPath = /bin/sh;
			shellScript = "\"${PODS_ROOT}/Target Support Files/Pods-Github-Profile/Pods-Github-Profile-frameworks.sh\"\n";
			showEnvVarsInLog = 0;
		};
		E33E243B7F5FE360D871C9C4 /* [CP] Check Pods Manifest.lock */ = {
			isa = PBXShellScriptBuildPhase;
			buildActionMask = 2147483647;
			files = (
			);
			inputFileListPaths = (
			);
			inputPaths = (
				"${PODS_PODFILE_DIR_PATH}/Podfile.lock",
				"${PODS_ROOT}/Manifest.lock",
			);
			name = "[CP] Check Pods Manifest.lock";
			outputFileListPaths = (
			);
			outputPaths = (
				"$(DERIVED_FILE_DIR)/Pods-Github-Profile-checkManifestLockResult.txt",
			);
			runOnlyForDeploymentPostprocessing = 0;
			shellPath = /bin/sh;
			shellScript = "diff \"${PODS_PODFILE_DIR_PATH}/Podfile.lock\" \"${PODS_ROOT}/Manifest.lock\" > /dev/null\nif [ $? != 0 ] ; then\n    # print error to STDERR\n    echo \"error: The sandbox is not in sync with the Podfile.lock. Run 'pod install' or update your CocoaPods installation.\" >&2\n    exit 1\nfi\n# This output is used by Xcode 'outputs' to avoid re-running this script phase.\necho \"SUCCESS\" > \"${SCRIPT_OUTPUT_FILE_0}\"\n";
			showEnvVarsInLog = 0;
		};
/* End PBXShellScriptBuildPhase section */

/* Begin PBXSourcesBuildPhase section */
		133F2C9C295DD80500A2D774 /* Sources */ = {
			isa = PBXSourcesBuildPhase;
			buildActionMask = 2147483647;
			files = (
				133F2CBC295E23BF00A2D774 /* NetworkService.swift in Sources */,
				133F2CB9295DF6E800A2D774 /* UserProfile.swift in Sources */,
				133F2CA8295DD80500A2D774 /* UserProfileViewController.swift in Sources */,
				133F2CBE2961976B00A2D774 /* Resource.swift in Sources */,
				133F2CC129619C1D00A2D774 /* Publisher+Utils.swift in Sources */,
				133F2CA4295DD80500A2D774 /* AppDelegate.swift in Sources */,
				133F2CA6295DD80500A2D774 /* SceneDelegate.swift in Sources */,
			);
			runOnlyForDeploymentPostprocessing = 0;
		};
/* End PBXSourcesBuildPhase section */

/* Begin PBXVariantGroup section */
		133F2CAE295DD80600A2D774 /* LaunchScreen.storyboard */ = {
			isa = PBXVariantGroup;
			children = (
				133F2CAF295DD80600A2D774 /* Base */,
			);
			name = LaunchScreen.storyboard;
			sourceTree = "<group>";
		};
/* End PBXVariantGroup section */

/* Begin XCBuildConfiguration section */
		133F2CB2295DD80600A2D774 /* Debug */ = {
			isa = XCBuildConfiguration;
			buildSettings = {
				ALWAYS_SEARCH_USER_PATHS = NO;
				CLANG_ANALYZER_NONNULL = YES;
				CLANG_ANALYZER_NUMBER_OBJECT_CONVERSION = YES_AGGRESSIVE;
				CLANG_CXX_LANGUAGE_STANDARD = "gnu++20";
				CLANG_ENABLE_MODULES = YES;
				CLANG_ENABLE_OBJC_ARC = YES;
				CLANG_ENABLE_OBJC_WEAK = YES;
				CLANG_WARN_BLOCK_CAPTURE_AUTORELEASING = YES;
				CLANG_WARN_BOOL_CONVERSION = YES;
				CLANG_WARN_COMMA = YES;
				CLANG_WARN_CONSTANT_CONVERSION = YES;
				CLANG_WARN_DEPRECATED_OBJC_IMPLEMENTATIONS = YES;
				CLANG_WARN_DIRECT_OBJC_ISA_USAGE = YES_ERROR;
				CLANG_WARN_DOCUMENTATION_COMMENTS = YES;
				CLANG_WARN_EMPTY_BODY = YES;
				CLANG_WARN_ENUM_CONVERSION = YES;
				CLANG_WARN_INFINITE_RECURSION = YES;
				CLANG_WARN_INT_CONVERSION = YES;
				CLANG_WARN_NON_LITERAL_NULL_CONVERSION = YES;
				CLANG_WARN_OBJC_IMPLICIT_RETAIN_SELF = YES;
				CLANG_WARN_OBJC_LITERAL_CONVERSION = YES;
				CLANG_WARN_OBJC_ROOT_CLASS = YES_ERROR;
				CLANG_WARN_QUOTED_INCLUDE_IN_FRAMEWORK_HEADER = YES;
				CLANG_WARN_RANGE_LOOP_ANALYSIS = YES;
				CLANG_WARN_STRICT_PROTOTYPES = YES;
				CLANG_WARN_SUSPICIOUS_MOVE = YES;
				CLANG_WARN_UNGUARDED_AVAILABILITY = YES_AGGRESSIVE;
				CLANG_WARN_UNREACHABLE_CODE = YES;
				CLANG_WARN__DUPLICATE_METHOD_MATCH = YES;
				COPY_PHASE_STRIP = NO;
				DEBUG_INFORMATION_FORMAT = dwarf;
				ENABLE_STRICT_OBJC_MSGSEND = YES;
				ENABLE_TESTABILITY = YES;
				GCC_C_LANGUAGE_STANDARD = gnu11;
				GCC_DYNAMIC_NO_PIC = NO;
				GCC_NO_COMMON_BLOCKS = YES;
				GCC_OPTIMIZATION_LEVEL = 0;
				GCC_PREPROCESSOR_DEFINITIONS = (
					"DEBUG=1",
					"$(inherited)",
				);
				GCC_WARN_64_TO_32_BIT_CONVERSION = YES;
				GCC_WARN_ABOUT_RETURN_TYPE = YES_ERROR;
				GCC_WARN_UNDECLARED_SELECTOR = YES;
				GCC_WARN_UNINITIALIZED_AUTOS = YES_AGGRESSIVE;
				GCC_WARN_UNUSED_FUNCTION = YES;
				GCC_WARN_UNUSED_VARIABLE = YES;
				IPHONEOS_DEPLOYMENT_TARGET = 16.2;
				MTL_ENABLE_DEBUG_INFO = INCLUDE_SOURCE;
				MTL_FAST_MATH = YES;
				ONLY_ACTIVE_ARCH = YES;
				SDKROOT = iphoneos;
				SWIFT_ACTIVE_COMPILATION_CONDITIONS = DEBUG;
				SWIFT_OPTIMIZATION_LEVEL = "-Onone";
			};
			name = Debug;
		};
		133F2CB3295DD80600A2D774 /* Release */ = {
			isa = XCBuildConfiguration;
			buildSettings = {
				ALWAYS_SEARCH_USER_PATHS = NO;
				CLANG_ANALYZER_NONNULL = YES;
				CLANG_ANALYZER_NUMBER_OBJECT_CONVERSION = YES_AGGRESSIVE;
				CLANG_CXX_LANGUAGE_STANDARD = "gnu++20";
				CLANG_ENABLE_MODULES = YES;
				CLANG_ENABLE_OBJC_ARC = YES;
				CLANG_ENABLE_OBJC_WEAK = YES;
				CLANG_WARN_BLOCK_CAPTURE_AUTORELEASING = YES;
				CLANG_WARN_BOOL_CONVERSION = YES;
				CLANG_WARN_COMMA = YES;
				CLANG_WARN_CONSTANT_CONVERSION = YES;
				CLANG_WARN_DEPRECATED_OBJC_IMPLEMENTATIONS = YES;
				CLANG_WARN_DIRECT_OBJC_ISA_USAGE = YES_ERROR;
				CLANG_WARN_DOCUMENTATION_COMMENTS = YES;
				CLANG_WARN_EMPTY_BODY = YES;
				CLANG_WARN_ENUM_CONVERSION = YES;
				CLANG_WARN_INFINITE_RECURSION = YES;
				CLANG_WARN_INT_CONVERSION = YES;
				CLANG_WARN_NON_LITERAL_NULL_CONVERSION = YES;
				CLANG_WARN_OBJC_IMPLICIT_RETAIN_SELF = YES;
				CLANG_WARN_OBJC_LITERAL_CONVERSION = YES;
				CLANG_WARN_OBJC_ROOT_CLASS = YES_ERROR;
				CLANG_WARN_QUOTED_INCLUDE_IN_FRAMEWORK_HEADER = YES;
				CLANG_WARN_RANGE_LOOP_ANALYSIS = YES;
				CLANG_WARN_STRICT_PROTOTYPES = YES;
				CLANG_WARN_SUSPICIOUS_MOVE = YES;
				CLANG_WARN_UNGUARDED_AVAILABILITY = YES_AGGRESSIVE;
				CLANG_WARN_UNREACHABLE_CODE = YES;
				CLANG_WARN__DUPLICATE_METHOD_MATCH = YES;
				COPY_PHASE_STRIP = NO;
				DEBUG_INFORMATION_FORMAT = "dwarf-with-dsym";
				ENABLE_NS_ASSERTIONS = NO;
				ENABLE_STRICT_OBJC_MSGSEND = YES;
				GCC_C_LANGUAGE_STANDARD = gnu11;
				GCC_NO_COMMON_BLOCKS = YES;
				GCC_WARN_64_TO_32_BIT_CONVERSION = YES;
				GCC_WARN_ABOUT_RETURN_TYPE = YES_ERROR;
				GCC_WARN_UNDECLARED_SELECTOR = YES;
				GCC_WARN_UNINITIALIZED_AUTOS = YES_AGGRESSIVE;
				GCC_WARN_UNUSED_FUNCTION = YES;
				GCC_WARN_UNUSED_VARIABLE = YES;
				IPHONEOS_DEPLOYMENT_TARGET = 16.2;
				MTL_ENABLE_DEBUG_INFO = NO;
				MTL_FAST_MATH = YES;
				SDKROOT = iphoneos;
				SWIFT_COMPILATION_MODE = wholemodule;
				SWIFT_OPTIMIZATION_LEVEL = "-O";
				VALIDATE_PRODUCT = YES;
			};
			name = Release;
		};
		133F2CB5295DD80600A2D774 /* Debug */ = {
			isa = XCBuildConfiguration;
			baseConfigurationReference = 8AEBF66BFB65AE9541BF4954 /* Pods-Github-Profile.debug.xcconfig */;
			buildSettings = {
				ASSETCATALOG_COMPILER_APPICON_NAME = AppIcon;
				ASSETCATALOG_COMPILER_GLOBAL_ACCENT_COLOR_NAME = AccentColor;
				CODE_SIGN_STYLE = Automatic;
				CURRENT_PROJECT_VERSION = 1;
				DEVELOPMENT_TEAM = BH624LXP8S;
				GENERATE_INFOPLIST_FILE = YES;
				INFOPLIST_FILE = "Github-Profile/Info.plist";
				INFOPLIST_KEY_UIApplicationSupportsIndirectInputEvents = YES;
				INFOPLIST_KEY_UILaunchStoryboardName = LaunchScreen;
				INFOPLIST_KEY_UISupportedInterfaceOrientations_iPad = "UIInterfaceOrientationPortrait UIInterfaceOrientationPortraitUpsideDown UIInterfaceOrientationLandscapeLeft UIInterfaceOrientationLandscapeRight";
				INFOPLIST_KEY_UISupportedInterfaceOrientations_iPhone = "UIInterfaceOrientationPortrait UIInterfaceOrientationLandscapeLeft UIInterfaceOrientationLandscapeRight";
				LD_RUNPATH_SEARCH_PATHS = (
					"$(inherited)",
					"@executable_path/Frameworks",
				);
				MARKETING_VERSION = 1.0;
				PRODUCT_BUNDLE_IDENTIFIER = "com.seokhyun.Github-Profile";
				PRODUCT_NAME = "$(TARGET_NAME)";
				SWIFT_EMIT_LOC_STRINGS = YES;
				SWIFT_VERSION = 5.0;
				TARGETED_DEVICE_FAMILY = "1,2";
			};
			name = Debug;
		};
		133F2CB6295DD80600A2D774 /* Release */ = {
			isa = XCBuildConfiguration;
			baseConfigurationReference = DB29F8FC8099A6CF11B59D7B /* Pods-Github-Profile.release.xcconfig */;
			buildSettings = {
				ASSETCATALOG_COMPILER_APPICON_NAME = AppIcon;
				ASSETCATALOG_COMPILER_GLOBAL_ACCENT_COLOR_NAME = AccentColor;
				CODE_SIGN_STYLE = Automatic;
				CURRENT_PROJECT_VERSION = 1;
				DEVELOPMENT_TEAM = BH624LXP8S;
				GENERATE_INFOPLIST_FILE = YES;
				INFOPLIST_FILE = "Github-Profile/Info.plist";
				INFOPLIST_KEY_UIApplicationSupportsIndirectInputEvents = YES;
				INFOPLIST_KEY_UILaunchStoryboardName = LaunchScreen;
				INFOPLIST_KEY_UISupportedInterfaceOrientations_iPad = "UIInterfaceOrientationPortrait UIInterfaceOrientationPortraitUpsideDown UIInterfaceOrientationLandscapeLeft UIInterfaceOrientationLandscapeRight";
				INFOPLIST_KEY_UISupportedInterfaceOrientations_iPhone = "UIInterfaceOrientationPortrait UIInterfaceOrientationLandscapeLeft UIInterfaceOrientationLandscapeRight";
				LD_RUNPATH_SEARCH_PATHS = (
					"$(inherited)",
					"@executable_path/Frameworks",
				);
				MARKETING_VERSION = 1.0;
				PRODUCT_BUNDLE_IDENTIFIER = "com.seokhyun.Github-Profile";
				PRODUCT_NAME = "$(TARGET_NAME)";
				SWIFT_EMIT_LOC_STRINGS = YES;
				SWIFT_VERSION = 5.0;
				TARGETED_DEVICE_FAMILY = "1,2";
			};
			name = Release;
		};
/* End XCBuildConfiguration section */

/* Begin XCConfigurationList section */
		133F2C9B295DD80500A2D774 /* Build configuration list for PBXProject "Github-Profile" */ = {
			isa = XCConfigurationList;
			buildConfigurations = (
				133F2CB2295DD80600A2D774 /* Debug */,
				133F2CB3295DD80600A2D774 /* Release */,
			);
			defaultConfigurationIsVisible = 0;
			defaultConfigurationName = Release;
		};
		133F2CB4295DD80600A2D774 /* Build configuration list for PBXNativeTarget "Github-Profile" */ = {
			isa = XCConfigurationList;
			buildConfigurations = (
				133F2CB5295DD80600A2D774 /* Debug */,
				133F2CB6295DD80600A2D774 /* Release */,
			);
			defaultConfigurationIsVisible = 0;
			defaultConfigurationName = Release;
		};
/* End XCConfigurationList section */
	};
	rootObject = 133F2C98295DD80500A2D774 /* Project object */;
}
